
Microsoft Visual Studio Solution File, Format Version 10.00
# Visual Studio 2008
Project("{FAE04EC0-301F-11D3-BF4B-00C04F79EFBC}") = "Histogram", "Histogram.csproj", "{AAE1DECB-C272-4816-AFAF-E10FA3ED308D}"
EndProject
Global
	GlobalSection(SolutionConfigurationPlatforms) = preSolution
		Debug|Any CPU = Debug|Any CPU
		Release|Any CPU = Release|Any CPU
	EndGlobalSection
	GlobalSection(ProjectConfigurationPlatforms) = postSolution
		{AAE1DECB-C272-4816-AFAF-E10FA3ED308D}.Debug|Any CPU.ActiveCfg = Debug|Any CPU
		{AAE1DECB-C272-4816-AFAF-E10FA3ED308D}.Debug|Any CPU.Build.0 = Debug|Any CPU
		{AAE1DECB-C272-4816-AFAF-E10FA3ED308D}.Release|Any CPU.ActiveCfg = Release|Any CPU
		{AAE1DECB-C272-4816-AFAF-E10FA3ED308D}.Release|Any CPU.Build.0 = Release|Any CPU
	EndGlobalSection
	GlobalSection(SolutionProperties) = preSolution
		HideSolutionNode = FALSE
	EndGlobalSection
EndGlobal
